
Microsoft Visual Studio Solution File, Format Version 12.00
# Visual Studio 15
VisualStudioVersion = 15.0.28307.489
MinimumVisualStudioVersion = 10.0.40219.1
Project("{FAE04EC0-301F-11D3-BF4B-00C04F79EFBC}") = "SerialRobotController", "SerialRobotController\SerialRobotController.csproj", "{B87EE9AE-700C-4BEE-95EA-8F2BFB5B7DD1}"
EndProject
Global
	GlobalSection(SolutionConfigurationPlatforms) = preSolution
		Debug|Any CPU = Debug|Any CPU
		Release|Any CPU = Release|Any CPU
	EndGlobalSection
	GlobalSection(ProjectConfigurationPlatforms) = postSolution
		{B87EE9AE-700C-4BEE-95EA-8F2BFB5B7DD1}.Debug|Any CPU.ActiveCfg = Debug|Any CPU
		{B87EE9AE-700C-4BEE-95EA-8F2BFB5B7DD1}.Debug|Any CPU.Build.0 = Debug|Any CPU
		{B87EE9AE-700C-4BEE-95EA-8F2BFB5B7DD1}.Release|Any CPU.ActiveCfg = Release|Any CPU
		{B87EE9AE-700C-4BEE-95EA-8F2BFB5B7DD1}.Release|Any CPU.Build.0 = Release|Any CPU
	EndGlobalSection
	GlobalSection(SolutionProperties) = preSolution
		HideSolutionNode = FALSE
	EndGlobalSection
	GlobalSection(ExtensibilityGlobals) = postSolution
		SolutionGuid = {3D7D69E3-8F8A-419C-AA49-9F322093894B}
	EndGlobalSection
EndGlobal
